
Microsoft Visual Studio Solution File, Format Version 12.00
# Visual Studio Version 17
VisualStudioVersion = 17.13.35806.99 d17.13
MinimumVisualStudioVersion = 10.0.40219.1
Project("{FAE04EC0-301F-11D3-BF4B-00C04F79EFBC}") = "BooleanLogicAssignment", "BooleanLogicAssignment\BooleanLogicAssignment.csproj", "{FCD48433-9AE4-43C3-998F-88FE02AE0A96}"
EndProject
Global
	GlobalSection(SolutionConfigurationPlatforms) = preSolution
		Debug|Any CPU = Debug|Any CPU
		Release|Any CPU = Release|Any CPU
	EndGlobalSection
	GlobalSection(ProjectConfigurationPlatforms) = postSolution
		{FCD48433-9AE4-43C3-998F-88FE02AE0A96}.Debug|Any CPU.ActiveCfg = Debug|Any CPU
		{FCD48433-9AE4-43C3-998F-88FE02AE0A96}.Debug|Any CPU.Build.0 = Debug|Any CPU
		{FCD48433-9AE4-43C3-998F-88FE02AE0A96}.Release|Any CPU.ActiveCfg = Release|Any CPU
		{FCD48433-9AE4-43C3-998F-88FE02AE0A96}.Release|Any CPU.Build.0 = Release|Any CPU
	EndGlobalSection
	GlobalSection(SolutionProperties) = preSolution
		HideSolutionNode = FALSE
	EndGlobalSection
	GlobalSection(ExtensibilityGlobals) = postSolution
		SolutionGuid = {859F3FA4-6517-4935-B06B-44A67E8E3A7D}
	EndGlobalSection
EndGlobal
