
Microsoft Visual Studio Solution File, Format Version 12.00
# Visual Studio Version 17
VisualStudioVersion = 17.13.35806.99 d17.13
MinimumVisualStudioVersion = 10.0.40219.1
Project("{FAE04EC0-301F-11D3-BF4B-00C04F79EFBC}") = "OperatorOverloadAssignment", "OperatorOverloadAssignment\OperatorOverloadAssignment.csproj", "{0752DD02-C6FD-4B37-82A0-2A67544F6126}"
EndProject
Global
	GlobalSection(SolutionConfigurationPlatforms) = preSolution
		Debug|Any CPU = Debug|Any CPU
		Release|Any CPU = Release|Any CPU
	EndGlobalSection
	GlobalSection(ProjectConfigurationPlatforms) = postSolution
		{0752DD02-C6FD-4B37-82A0-2A67544F6126}.Debug|Any CPU.ActiveCfg = Debug|Any CPU
		{0752DD02-C6FD-4B37-82A0-2A67544F6126}.Debug|Any CPU.Build.0 = Debug|Any CPU
		{0752DD02-C6FD-4B37-82A0-2A67544F6126}.Release|Any CPU.ActiveCfg = Release|Any CPU
		{0752DD02-C6FD-4B37-82A0-2A67544F6126}.Release|Any CPU.Build.0 = Release|Any CPU
	EndGlobalSection
	GlobalSection(SolutionProperties) = preSolution
		HideSolutionNode = FALSE
	EndGlobalSection
	GlobalSection(ExtensibilityGlobals) = postSolution
		SolutionGuid = {51F87AD2-3ADB-43AD-B3B5-40AA369EC80C}
	EndGlobalSection
EndGlobal
