
Microsoft Visual Studio Solution File, Format Version 12.00
# Visual Studio Version 17
VisualStudioVersion = 17.13.35806.99 d17.13
MinimumVisualStudioVersion = 10.0.40219.1
Project("{FAE04EC0-301F-11D3-BF4B-00C04F79EFBC}") = "ConsoleAppArrayAssignment", "ConsoleAppArrayAssignment\ConsoleAppArrayAssignment.csproj", "{C43DF266-4167-4ED4-B73C-82557CDCC203}"
EndProject
Global
	GlobalSection(SolutionConfigurationPlatforms) = preSolution
		Debug|Any CPU = Debug|Any CPU
		Release|Any CPU = Release|Any CPU
	EndGlobalSection
	GlobalSection(ProjectConfigurationPlatforms) = postSolution
		{C43DF266-4167-4ED4-B73C-82557CDCC203}.Debug|Any CPU.ActiveCfg = Debug|Any CPU
		{C43DF266-4167-4ED4-B73C-82557CDCC203}.Debug|Any CPU.Build.0 = Debug|Any CPU
		{C43DF266-4167-4ED4-B73C-82557CDCC203}.Release|Any CPU.ActiveCfg = Release|Any CPU
		{C43DF266-4167-4ED4-B73C-82557CDCC203}.Release|Any CPU.Build.0 = Release|Any CPU
	EndGlobalSection
	GlobalSection(SolutionProperties) = preSolution
		HideSolutionNode = FALSE
	EndGlobalSection
	GlobalSection(ExtensibilityGlobals) = postSolution
		SolutionGuid = {550670C7-8B57-4C49-B3C7-A60C1455A7A8}
	EndGlobalSection
EndGlobal
