
Microsoft Visual Studio Solution File, Format Version 12.00
# Visual Studio Version 16
VisualStudioVersion = 16.0.35826.135
MinimumVisualStudioVersion = 10.0.40219.1
Project("{FAE04EC0-301F-11D3-BF4B-00C04F79EFBC}") = "MVC Intro", "MVC Intro\MVC Intro.csproj", "{2373A307-640C-4A11-A586-C28CCFAF338E}"
EndProject
Global
	GlobalSection(SolutionConfigurationPlatforms) = preSolution
		Debug|Any CPU = Debug|Any CPU
		Release|Any CPU = Release|Any CPU
	EndGlobalSection
	GlobalSection(ProjectConfigurationPlatforms) = postSolution
		{2373A307-640C-4A11-A586-C28CCFAF338E}.Debug|Any CPU.ActiveCfg = Debug|Any CPU
		{2373A307-640C-4A11-A586-C28CCFAF338E}.Debug|Any CPU.Build.0 = Debug|Any CPU
		{2373A307-640C-4A11-A586-C28CCFAF338E}.Release|Any CPU.ActiveCfg = Release|Any CPU
		{2373A307-640C-4A11-A586-C28CCFAF338E}.Release|Any CPU.Build.0 = Release|Any CPU
	EndGlobalSection
	GlobalSection(SolutionProperties) = preSolution
		HideSolutionNode = FALSE
	EndGlobalSection
	GlobalSection(ExtensibilityGlobals) = postSolution
		SolutionGuid = {F6BF3651-D87E-4BED-90D3-BF88B44C80FB}
	EndGlobalSection
EndGlobal
